{
  "name": "test-node-01",
  "version": "1.0.0",
  "lockfileVersion": 1,
  "requires": true,
  "dependencies": {
    "ansi-regex": {
      "version": "4.1.0",
      "resolved": "https://repo.sonatype.com/repository/npm-all/ansi-regex/-/ansi-regex-4.1.0.tgz",
      "integrity": "sha512-1apePfXM1UOSqw0o9IiFAovVz9M5S1Dg+4TrDwfMewQ6p/rmMueb7tWZjQ1rx4Loy1ArBggoqGpfqqdI4rondg==",
      "dev": true
    },
    "babel-runtime": {
      "version": "6.26.0",
      "resolved": "https://repo.sonatype.com/repository/npm-all/babel-runtime/-/babel-runtime-6.26.0.tgz",
      "integrity": "sha1-llxwWGaOgrVde/4E/yM3vItWR/4=",
      "requires": {
        "core-js": "^2.4.0",
        "regenerator-runtime": "^0.11.0"
      }
    },
    "bootstrap-datepicker": {
      "version": "1.6.3",
      "resolved": "https://repo.sonatype.com/repository/npm-all/bootstrap-datepicker/-/bootstrap-datepicker-1.9.0.tgz",
      "integrity": "sha512-9rYYbaVOheGYxjOr/+bJCmRPihfy+LkLSg4fIFMT9Od8WwWB/MB50w0JO1eBgKUMbb7PFHQD5uAfI3ArAxZRXA==",
      "requires": {
        "jquery": ">=1.7.1 <4.0.0"
      }
    },
    "components-font-awesome": {
      "version": "5.4.2",
      "resolved": "https://repo.sonatype.com/repository/npm-all/components-font-awesome/-/components-font-awesome-5.4.2.tgz",
      "integrity": "sha512-uftrn6yK9sQz/oOWotndo/c3h70xBclNCb3P6uOVQPMlc0/MBmnlDh6kKzfX8QM388PAmbEpn7Zrw0SctIOD2Q=="
    },
    "core-js": {
      "version": "2.6.12",
      "resolved": "https://repo.sonatype.com/repository/npm-all/core-js/-/core-js-2.6.12.tgz",
      "integrity": "sha512-Kb2wC0fvsWfQrgk8HU5lW6U/Lcs8+9aaYcy4ZFc6DDlo4nZ7n70dEgE5rtR0oG6ufKDUnrwfWL1mXR5ljDatrQ=="
    },
    "jquery": {
      "version": "3.6.0",
      "resolved": "https://repo.sonatype.com/repository/npm-all/jquery/-/jquery-3.6.0.tgz",
      "integrity": "sha512-JVzAR/AjBvVt2BmYhxRCSYysDsPcssdmTFnzyLEts9qNwmjmu4JTAMYubEfwVOSwpQ1I1sKKFcxhZCI2buerfw=="
    },
    "prettier": {
      "version": "2.3.1",
      "resolved": "https://repo.sonatype.com/repository/npm-all/prettier/-/prettier-2.3.1.tgz",
      "integrity": "sha512-p+vNbgpLjif/+D+DwAZAbndtRrR0md0MwfmOVN9N+2RgyACMT+7tfaRnT+WDPkqnuVwleyuBIG2XBxKDme3hPA==",
      "dev": true
    },
    "regenerator-runtime": {
      "version": "0.11.1",
      "resolved": "https://repo.sonatype.com/repository/npm-all/regenerator-runtime/-/regenerator-runtime-0.11.1.tgz",
      "integrity": "sha512-MguG95oij0fC3QV3URf4V2SDYGJhJnJGqvIIgdECeODCT98wSWDAJ94SSuVpYQUoTcGUIL6L4yNB7j1DFFHSBg=="
    },
    "strip-ansi": {
      "version": "5.1.0",
      "resolved": "https://repo.sonatype.com/repository/npm-all/strip-ansi/-/strip-ansi-5.1.0.tgz",
      "integrity": "sha512-TjxrkPONqO2Z8QDCpeE2j6n0M6EwxzyDgzEeGp+FbdvaJAt//ClYi6W5my+3ROlC/hZX2KACUwDfK49Ka5eDvg==",
      "dev": true,
      "requires": {
        "ansi-regex": "^4.1.0"
      }
    }
  }
}
